
Microsoft Visual Studio Solution File, Format Version 12.00
# Visual Studio 14
VisualStudioVersion = 14.0.25420.1
MinimumVisualStudioVersion = 10.0.40219.1
Project("{FAE04EC0-301F-11D3-BF4B-00C04F79EFBC}") = "P", "P\P.csproj", "{F80C1173-AE59-40FD-B5BB-09827825E224}"
EndProject
Project("{FAE04EC0-301F-11D3-BF4B-00C04F79EFBC}") = "LN", "LN\LN.csproj", "{B4C92147-B7E5-4451-9316-5664538D08C7}"
EndProject
Project("{FAE04EC0-301F-11D3-BF4B-00C04F79EFBC}") = "AD", "AD\AD.csproj", "{92807FD6-A898-4393-AA6A-7A49DFE5D96A}"
EndProject
Project("{FAE04EC0-301F-11D3-BF4B-00C04F79EFBC}") = "E", "E\E.csproj", "{0F9ADFA5-AB4F-4CFE-A3EA-398A570D8A33}"
EndProject
Global
	GlobalSection(SolutionConfigurationPlatforms) = preSolution
		Debug|Any CPU = Debug|Any CPU
		Release|Any CPU = Release|Any CPU
	EndGlobalSection
	GlobalSection(ProjectConfigurationPlatforms) = postSolution
		{F80C1173-AE59-40FD-B5BB-09827825E224}.Debug|Any CPU.ActiveCfg = Debug|Any CPU
		{F80C1173-AE59-40FD-B5BB-09827825E224}.Debug|Any CPU.Build.0 = Debug|Any CPU
		{F80C1173-AE59-40FD-B5BB-09827825E224}.Release|Any CPU.ActiveCfg = Release|Any CPU
		{F80C1173-AE59-40FD-B5BB-09827825E224}.Release|Any CPU.Build.0 = Release|Any CPU
		{B4C92147-B7E5-4451-9316-5664538D08C7}.Debug|Any CPU.ActiveCfg = Debug|Any CPU
		{B4C92147-B7E5-4451-9316-5664538D08C7}.Debug|Any CPU.Build.0 = Debug|Any CPU
		{B4C92147-B7E5-4451-9316-5664538D08C7}.Release|Any CPU.ActiveCfg = Release|Any CPU
		{B4C92147-B7E5-4451-9316-5664538D08C7}.Release|Any CPU.Build.0 = Release|Any CPU
		{92807FD6-A898-4393-AA6A-7A49DFE5D96A}.Debug|Any CPU.ActiveCfg = Debug|Any CPU
		{92807FD6-A898-4393-AA6A-7A49DFE5D96A}.Debug|Any CPU.Build.0 = Debug|Any CPU
		{92807FD6-A898-4393-AA6A-7A49DFE5D96A}.Release|Any CPU.ActiveCfg = Release|Any CPU
		{92807FD6-A898-4393-AA6A-7A49DFE5D96A}.Release|Any CPU.Build.0 = Release|Any CPU
		{0F9ADFA5-AB4F-4CFE-A3EA-398A570D8A33}.Debug|Any CPU.ActiveCfg = Debug|Any CPU
		{0F9ADFA5-AB4F-4CFE-A3EA-398A570D8A33}.Debug|Any CPU.Build.0 = Debug|Any CPU
		{0F9ADFA5-AB4F-4CFE-A3EA-398A570D8A33}.Release|Any CPU.ActiveCfg = Release|Any CPU
		{0F9ADFA5-AB4F-4CFE-A3EA-398A570D8A33}.Release|Any CPU.Build.0 = Release|Any CPU
	EndGlobalSection
	GlobalSection(SolutionProperties) = preSolution
		HideSolutionNode = FALSE
	EndGlobalSection
EndGlobal
